
Microsoft Visual Studio Solution File, Format Version 12.00
# Visual Studio Version 16
VisualStudioVersion = 16.0.30406.217
MinimumVisualStudioVersion = 10.0.40219.1
Project("{FAE04EC0-301F-11D3-BF4B-00C04F79EFBC}") = "DataStructuresAndAlgorithms", "DataStructuresAndAlgorithms.csproj", "{767E1B40-CD03-4F00-8370-9481CA7B64A5}"
EndProject
Global
	GlobalSection(SolutionConfigurationPlatforms) = preSolution
		Debug|Any CPU = Debug|Any CPU
		Release|Any CPU = Release|Any CPU
	EndGlobalSection
	GlobalSection(ProjectConfigurationPlatforms) = postSolution
		{767E1B40-CD03-4F00-8370-9481CA7B64A5}.Debug|Any CPU.ActiveCfg = Debug|Any CPU
		{767E1B40-CD03-4F00-8370-9481CA7B64A5}.Debug|Any CPU.Build.0 = Debug|Any CPU
		{767E1B40-CD03-4F00-8370-9481CA7B64A5}.Release|Any CPU.ActiveCfg = Release|Any CPU
		{767E1B40-CD03-4F00-8370-9481CA7B64A5}.Release|Any CPU.Build.0 = Release|Any CPU
	EndGlobalSection
	GlobalSection(SolutionProperties) = preSolution
		HideSolutionNode = FALSE
	EndGlobalSection
	GlobalSection(ExtensibilityGlobals) = postSolution
		SolutionGuid = {637AD25C-3DF7-4185-8206-9D10738D1EA7}
	EndGlobalSection
EndGlobal
